
Microsoft Visual Studio Solution File, Format Version 12.00
# Visual Studio 2012
Project("{888888A0-9F3D-457C-B088-3A5042F75D52}") = "pythonApplication", "pythonApplication\pythonApplication.pyproj", "{C91460B8-4C68-41A3-9587-7CE695B7D9E3}"
EndProject
Global
	GlobalSection(SolutionConfigurationPlatforms) = preSolution
		Debug|Any CPU = Debug|Any CPU
		Release|Any CPU = Release|Any CPU
	EndGlobalSection
	GlobalSection(ProjectConfigurationPlatforms) = postSolution
		{C91460B8-4C68-41A3-9587-7CE695B7D9E3}.Debug|Any CPU.ActiveCfg = Debug|Any CPU
		{C91460B8-4C68-41A3-9587-7CE695B7D9E3}.Debug|Any CPU.Build.0 = Debug|Any CPU
		{C91460B8-4C68-41A3-9587-7CE695B7D9E3}.Release|Any CPU.ActiveCfg = Release|Any CPU
		{C91460B8-4C68-41A3-9587-7CE695B7D9E3}.Release|Any CPU.Build.0 = Release|Any CPU
	EndGlobalSection
	GlobalSection(SolutionProperties) = preSolution
		HideSolutionNode = FALSE
	EndGlobalSection
EndGlobal
